<?xml version="1.0" encoding="utf-8"?>
<Project ToolsVersion="4.0" xmlns="http://schemas.microsoft.com/developer/msbuild/2003">
  <ItemGroup>
    <Filter Include="Source Files">
      <UniqueIdentifier>{4FC737F1-C7A5-4376-A066-2A32D752A2FF}</UniqueIdentifier>
      <Extensions>cpp;c;cc;cxx;c++;cppm;ixx;def;odl;idl;hpj;bat;asm;asmx</Extensions>
    </Filter>
    <Filter Include="Header Files">
      <UniqueIdentifier>{93995380-89BD-4b04-88EB-625FBE52EBFB}</UniqueIdentifier>
      <Extensions>h;hh;hpp;hxx;h++;hm;inl;inc;ipp;xsd</Extensions>
    </Filter>
    <Filter Include="Resource Files">
      <UniqueIdentifier>{67DA6AB6-F800-4c08-8B7A-83BB121AAD01}</UniqueIdentifier>
      <Extensions>rc;ico;cur;bmp;dlg;rc2;rct;bin;rgs;gif;jpg;jpeg;jpe;resx;tiff;tif;png;wav;mfcribbon-ms</Extensions>
    </Filter>
  </ItemGroup>
  <ItemGroup>
    <ClCompile Include="dllmain.cpp">
      <Filter>Source Files</Filter>
    </ClCompile>
    <ClCompile Include="SDK\Utils\Utils.cpp">
      <Filter>Source Files</Filter>
    </ClCompile>
    <ClCompile Include="SDK\Minhook\hde\hde32.c">
      <Filter>Source Files</Filter>
    </ClCompile>
    <ClCompile Include="SDK\Minhook\hde\hde64.c">
      <Filter>Source Files</Filter>
    </ClCompile>
    <ClCompile Include="SDK\Minhook\buffer.c">
      <Filter>Source Files</Filter>
    </ClCompile>
    <ClCompile Include="SDK\Minhook\hook.c">
      <Filter>Source Files</Filter>
    </ClCompile>
    <ClCompile Include="SDK\Minhook\trampoline.c">
      <Filter>Source Files</Filter>
    </ClCompile>
    <ClCompile Include="SDK\ImGui\imgui.cpp">
      <Filter>Source Files</Filter>
    </ClCompile>
    <ClCompile Include="SDK\ImGui\imgui_draw.cpp">
      <Filter>Source Files</Filter>
    </ClCompile>
    <ClCompile Include="SDK\ImGui\imgui_impl_dx11.cpp">
      <Filter>Source Files</Filter>
    </ClCompile>
    <ClCompile Include="SDK\ImGui\imgui_impl_win32.cpp">
      <Filter>Source Files</Filter>
    </ClCompile>
    <ClCompile Include="SDK\ImGui\imgui_widgets.cpp">
      <Filter>Source Files</Filter>
    </ClCompile>
    <ClCompile Include="SDK\ImGui\freetype\imgui_freetype.cpp">
      <Filter>Source Files</Filter>
    </ClCompile>
    <ClCompile Include="SDK\ImGui\imgui_tables.cpp">
      <Filter>Source Files</Filter>
    </ClCompile>
  </ItemGroup>
  <ItemGroup>
    <ClInclude Include="SDK\Minhook\hde\hde32.h">
      <Filter>Header Files</Filter>
    </ClInclude>
    <ClInclude Include="SDK\Minhook\hde\hde64.h">
      <Filter>Header Files</Filter>
    </ClInclude>
    <ClInclude Include="SDK\Minhook\hde\pstdint.h">
      <Filter>Header Files</Filter>
    </ClInclude>
    <ClInclude Include="SDK\Minhook\hde\table32.h">
      <Filter>Header Files</Filter>
    </ClInclude>
    <ClInclude Include="SDK\Minhook\hde\table64.h">
      <Filter>Header Files</Filter>
    </ClInclude>
    <ClInclude Include="SDK\Minhook\buffer.h">
      <Filter>Header Files</Filter>
    </ClInclude>
    <ClInclude Include="SDK\Minhook\minhook.h">
      <Filter>Header Files</Filter>
    </ClInclude>
    <ClInclude Include="SDK\Minhook\trampoline.h">
      <Filter>Header Files</Filter>
    </ClInclude>
    <ClInclude Include="Hooks\Hooks.hpp">
      <Filter>Header Files</Filter>
    </ClInclude>
    <ClInclude Include="Includes.hpp">
      <Filter>Header Files</Filter>
    </ClInclude>
    <ClInclude Include="SDK\Utils\Utils.hpp">
      <Filter>Header Files</Filter>
    </ClInclude>
    <ClInclude Include="SDK\ImGui\imconfig.h">
      <Filter>Header Files</Filter>
    </ClInclude>
    <ClInclude Include="SDK\ImGui\imgui.h">
      <Filter>Header Files</Filter>
    </ClInclude>
    <ClInclude Include="SDK\ImGui\imgui_impl_dx11.h">
      <Filter>Header Files</Filter>
    </ClInclude>
    <ClInclude Include="SDK\ImGui\imgui_impl_win32.h">
      <Filter>Header Files</Filter>
    </ClInclude>
    <ClInclude Include="SDK\ImGui\imgui_internal.h">
      <Filter>Header Files</Filter>
    </ClInclude>
    <ClInclude Include="SDK\ImGui\imstb_rectpack.h">
      <Filter>Header Files</Filter>
    </ClInclude>
    <ClInclude Include="SDK\ImGui\imstb_textedit.h">
      <Filter>Header Files</Filter>
    </ClInclude>
    <ClInclude Include="SDK\ImGui\imstb_truetype.h">
      <Filter>Header Files</Filter>
    </ClInclude>
    <ClInclude Include="Features\Drawing\Renderer.hpp">
      <Filter>Header Files</Filter>
    </ClInclude>
    <ClInclude Include="Features\Drawing\Menu.hpp">
      <Filter>Header Files</Filter>
    </ClInclude>
    <ClInclude Include="Features\Drawing\Fonts\SmallestPixelFont.hpp">
      <Filter>Header Files</Filter>
    </ClInclude>
    <ClInclude Include="SDK\ImGui\freetype\imgui_freetype.h">
      <Filter>Header Files</Filter>
    </ClInclude>
    <ClInclude Include="SDK\FreeType\freetype\config\ftconfig.h">
      <Filter>Header Files</Filter>
    </ClInclude>
    <ClInclude Include="SDK\FreeType\freetype\config\ftheader.h">
      <Filter>Header Files</Filter>
    </ClInclude>
    <ClInclude Include="SDK\FreeType\freetype\config\ftmodule.h">
      <Filter>Header Files</Filter>
    </ClInclude>
    <ClInclude Include="SDK\FreeType\freetype\config\ftoption.h">
      <Filter>Header Files</Filter>
    </ClInclude>
    <ClInclude Include="SDK\FreeType\freetype\config\ftstdlib.h">
      <Filter>Header Files</Filter>
    </ClInclude>
    <ClInclude Include="SDK\FreeType\freetype\config\integer-types.h">
      <Filter>Header Files</Filter>
    </ClInclude>
    <ClInclude Include="SDK\FreeType\freetype\config\mac-support.h">
      <Filter>Header Files</Filter>
    </ClInclude>
    <ClInclude Include="SDK\FreeType\freetype\config\public-macros.h">
      <Filter>Header Files</Filter>
    </ClInclude>
    <ClInclude Include="SDK\FreeType\freetype\freetype.h">
      <Filter>Header Files</Filter>
    </ClInclude>
    <ClInclude Include="SDK\FreeType\freetype\ftadvanc.h">
      <Filter>Header Files</Filter>
    </ClInclude>
    <ClInclude Include="SDK\FreeType\freetype\ftbbox.h">
      <Filter>Header Files</Filter>
    </ClInclude>
    <ClInclude Include="SDK\FreeType\freetype\ftbdf.h">
      <Filter>Header Files</Filter>
    </ClInclude>
    <ClInclude Include="SDK\FreeType\freetype\ftbitmap.h">
      <Filter>Header Files</Filter>
    </ClInclude>
    <ClInclude Include="SDK\FreeType\freetype\ftbzip2.h">
      <Filter>Header Files</Filter>
    </ClInclude>
    <ClInclude Include="SDK\FreeType\freetype\ftcache.h">
      <Filter>Header Files</Filter>
    </ClInclude>
    <ClInclude Include="SDK\FreeType\freetype\ftchapters.h">
      <Filter>Header Files</Filter>
    </ClInclude>
    <ClInclude Include="SDK\FreeType\freetype\ftcid.h">
      <Filter>Header Files</Filter>
    </ClInclude>
    <ClInclude Include="SDK\FreeType\freetype\ftcolor.h">
      <Filter>Header Files</Filter>
    </ClInclude>
    <ClInclude Include="SDK\FreeType\freetype\ftdriver.h">
      <Filter>Header Files</Filter>
    </ClInclude>
    <ClInclude Include="SDK\FreeType\freetype\fterrdef.h">
      <Filter>Header Files</Filter>
    </ClInclude>
    <ClInclude Include="SDK\FreeType\freetype\fterrors.h">
      <Filter>Header Files</Filter>
    </ClInclude>
    <ClInclude Include="SDK\FreeType\freetype\ftfntfmt.h">
      <Filter>Header Files</Filter>
    </ClInclude>
    <ClInclude Include="SDK\FreeType\freetype\ftgasp.h">
      <Filter>Header Files</Filter>
    </ClInclude>
    <ClInclude Include="SDK\FreeType\freetype\ftglyph.h">
      <Filter>Header Files</Filter>
    </ClInclude>
    <ClInclude Include="SDK\FreeType\freetype\ftgxval.h">
      <Filter>Header Files</Filter>
    </ClInclude>
    <ClInclude Include="SDK\FreeType\freetype\ftgzip.h">
      <Filter>Header Files</Filter>
    </ClInclude>
    <ClInclude Include="SDK\FreeType\freetype\ftimage.h">
      <Filter>Header Files</Filter>
    </ClInclude>
    <ClInclude Include="SDK\FreeType\freetype\ftincrem.h">
      <Filter>Header Files</Filter>
    </ClInclude>
    <ClInclude Include="SDK\FreeType\freetype\ftlcdfil.h">
      <Filter>Header Files</Filter>
    </ClInclude>
    <ClInclude Include="SDK\FreeType\freetype\ftlist.h">
      <Filter>Header Files</Filter>
    </ClInclude>
    <ClInclude Include="SDK\FreeType\freetype\ftlogging.h">
      <Filter>Header Files</Filter>
    </ClInclude>
    <ClInclude Include="SDK\FreeType\freetype\ftlzw.h">
      <Filter>Header Files</Filter>
    </ClInclude>
    <ClInclude Include="SDK\FreeType\freetype\ftmac.h">
      <Filter>Header Files</Filter>
    </ClInclude>
    <ClInclude Include="SDK\FreeType\freetype\ftmm.h">
      <Filter>Header Files</Filter>
    </ClInclude>
    <ClInclude Include="SDK\FreeType\freetype\ftmodapi.h">
      <Filter>Header Files</Filter>
    </ClInclude>
    <ClInclude Include="SDK\FreeType\freetype\ftmoderr.h">
      <Filter>Header Files</Filter>
    </ClInclude>
    <ClInclude Include="SDK\FreeType\freetype\ftotval.h">
      <Filter>Header Files</Filter>
    </ClInclude>
    <ClInclude Include="SDK\FreeType\freetype\ftoutln.h">
      <Filter>Header Files</Filter>
    </ClInclude>
    <ClInclude Include="SDK\FreeType\freetype\ftparams.h">
      <Filter>Header Files</Filter>
    </ClInclude>
    <ClInclude Include="SDK\FreeType\freetype\ftpfr.h">
      <Filter>Header Files</Filter>
    </ClInclude>
    <ClInclude Include="SDK\FreeType\freetype\ftrender.h">
      <Filter>Header Files</Filter>
    </ClInclude>
    <ClInclude Include="SDK\FreeType\freetype\ftsizes.h">
      <Filter>Header Files</Filter>
    </ClInclude>
    <ClInclude Include="SDK\FreeType\freetype\ftsnames.h">
      <Filter>Header Files</Filter>
    </ClInclude>
    <ClInclude Include="SDK\FreeType\freetype\ftstroke.h">
      <Filter>Header Files</Filter>
    </ClInclude>
    <ClInclude Include="SDK\FreeType\freetype\ftsynth.h">
      <Filter>Header Files</Filter>
    </ClInclude>
    <ClInclude Include="SDK\FreeType\freetype\ftsystem.h">
      <Filter>Header Files</Filter>
    </ClInclude>
    <ClInclude Include="SDK\FreeType\freetype\fttrigon.h">
      <Filter>Header Files</Filter>
    </ClInclude>
    <ClInclude Include="SDK\FreeType\freetype\fttypes.h">
      <Filter>Header Files</Filter>
    </ClInclude>
    <ClInclude Include="SDK\FreeType\freetype\ftwinfnt.h">
      <Filter>Header Files</Filter>
    </ClInclude>
    <ClInclude Include="SDK\FreeType\freetype\otsvg.h">
      <Filter>Header Files</Filter>
    </ClInclude>
    <ClInclude Include="SDK\FreeType\freetype\t1tables.h">
      <Filter>Header Files</Filter>
    </ClInclude>
    <ClInclude Include="SDK\FreeType\freetype\ttnameid.h">
      <Filter>Header Files</Filter>
    </ClInclude>
    <ClInclude Include="SDK\FreeType\freetype\tttables.h">
      <Filter>Header Files</Filter>
    </ClInclude>
    <ClInclude Include="SDK\FreeType\freetype\tttags.h">
      <Filter>Header Files</Filter>
    </ClInclude>
    <ClInclude Include="SDK\FreeType\ft2build.h">
      <Filter>Header Files</Filter>
    </ClInclude>
    <ClInclude Include="Features\Drawing\Fonts\DroidSans.hpp">
      <Filter>Header Files</Filter>
    </ClInclude>
  </ItemGroup>
</Project>